
Microsoft Visual Studio Solution File, Format Version 11.00
# Visual Studio 2010
Project("{FAE04EC0-301F-11D3-BF4B-00C04F79EFBC}") = "Unity.ML-Agents", "Unity.ML-Agents.csproj", "{ACA10246-E355-1A55-CBFC-662170CA5430}"
EndProject
Project("{FAE04EC0-301F-11D3-BF4B-00C04F79EFBC}") = "Unity.ML-Agents.CommunicatorObjects", "Unity.ML-Agents.CommunicatorObjects.csproj", "{2BE89085-423C-4A35-1E06-6A2CC17DA96F}"
EndProject
Project("{FAE04EC0-301F-11D3-BF4B-00C04F79EFBC}") = "Assembly-CSharp", "Assembly-CSharp.csproj", "{82D14C99-A957-EF11-E88D-9B13D1FC77F3}"
EndProject
Project("{FAE04EC0-301F-11D3-BF4B-00C04F79EFBC}") = "Unity.ML-Agents.Editor", "Unity.ML-Agents.Editor.csproj", "{FC9390F5-5446-27E7-3800-8CC833C62791}"
EndProject
Global
	GlobalSection(SolutionConfigurationPlatforms) = preSolution
		Debug|Any CPU = Debug|Any CPU
		Release|Any CPU = Release|Any CPU
	EndGlobalSection
	GlobalSection(ProjectConfigurationPlatforms) = postSolution
		{ACA10246-E355-1A55-CBFC-662170CA5430}.Debug|Any CPU.ActiveCfg = Debug|Any CPU
		{ACA10246-E355-1A55-CBFC-662170CA5430}.Debug|Any CPU.Build.0 = Debug|Any CPU
		{ACA10246-E355-1A55-CBFC-662170CA5430}.Release|Any CPU.ActiveCfg = Release|Any CPU
		{ACA10246-E355-1A55-CBFC-662170CA5430}.Release|Any CPU.Build.0 = Release|Any CPU
		{2BE89085-423C-4A35-1E06-6A2CC17DA96F}.Debug|Any CPU.ActiveCfg = Debug|Any CPU
		{2BE89085-423C-4A35-1E06-6A2CC17DA96F}.Debug|Any CPU.Build.0 = Debug|Any CPU
		{2BE89085-423C-4A35-1E06-6A2CC17DA96F}.Release|Any CPU.ActiveCfg = Release|Any CPU
		{2BE89085-423C-4A35-1E06-6A2CC17DA96F}.Release|Any CPU.Build.0 = Release|Any CPU
		{82D14C99-A957-EF11-E88D-9B13D1FC77F3}.Debug|Any CPU.ActiveCfg = Debug|Any CPU
		{82D14C99-A957-EF11-E88D-9B13D1FC77F3}.Debug|Any CPU.Build.0 = Debug|Any CPU
		{82D14C99-A957-EF11-E88D-9B13D1FC77F3}.Release|Any CPU.ActiveCfg = Release|Any CPU
		{82D14C99-A957-EF11-E88D-9B13D1FC77F3}.Release|Any CPU.Build.0 = Release|Any CPU
		{FC9390F5-5446-27E7-3800-8CC833C62791}.Debug|Any CPU.ActiveCfg = Debug|Any CPU
		{FC9390F5-5446-27E7-3800-8CC833C62791}.Debug|Any CPU.Build.0 = Debug|Any CPU
		{FC9390F5-5446-27E7-3800-8CC833C62791}.Release|Any CPU.ActiveCfg = Release|Any CPU
		{FC9390F5-5446-27E7-3800-8CC833C62791}.Release|Any CPU.Build.0 = Release|Any CPU
	EndGlobalSection
	GlobalSection(SolutionProperties) = preSolution
		HideSolutionNode = FALSE
	EndGlobalSection
	GlobalSection(MonoDevelopProperties) = preSolution
		StartupItem = Assembly-CSharp.csproj
	EndGlobalSection
EndGlobal
